
Microsoft Visual Studio Solution File, Format Version 12.00
# Visual Studio 15
VisualStudioVersion = 15.0.28307.1231
MinimumVisualStudioVersion = 10.0.40219.1
Project("{FAE04EC0-301F-11D3-BF4B-00C04F79EFBC}") = "ExchangeRatesService", "ExchangeRatesService\ExchangeRatesService.csproj", "{CC152A88-4BBA-4A44-9DDA-4D7B668E2FA2}"
EndProject
Global
	GlobalSection(SolutionConfigurationPlatforms) = preSolution
		Debug|Any CPU = Debug|Any CPU
		Release|Any CPU = Release|Any CPU
	EndGlobalSection
	GlobalSection(ProjectConfigurationPlatforms) = postSolution
		{CC152A88-4BBA-4A44-9DDA-4D7B668E2FA2}.Debug|Any CPU.ActiveCfg = Debug|Any CPU
		{CC152A88-4BBA-4A44-9DDA-4D7B668E2FA2}.Debug|Any CPU.Build.0 = Debug|Any CPU
		{CC152A88-4BBA-4A44-9DDA-4D7B668E2FA2}.Release|Any CPU.ActiveCfg = Release|Any CPU
		{CC152A88-4BBA-4A44-9DDA-4D7B668E2FA2}.Release|Any CPU.Build.0 = Release|Any CPU
	EndGlobalSection
	GlobalSection(SolutionProperties) = preSolution
		HideSolutionNode = FALSE
	EndGlobalSection
	GlobalSection(ExtensibilityGlobals) = postSolution
		SolutionGuid = {145B1A43-8387-474B-B3A5-D0CFD0AAC150}
	EndGlobalSection
EndGlobal
